
Microsoft Visual Studio Solution File, Format Version 12.00
Project("{FAE04EC0-301F-11D3-BF4B-00C04F79EFBC}") = "studrada-bot", "studrada-bot\studrada-bot.csproj", "{2FF92C09-FB60-458B-9233-0E7897AB6622}"
EndProject
Project("{FAE04EC0-301F-11D3-BF4B-00C04F79EFBC}") = "studrada-bot.Tests", "studrada-bot.Tests\studrada-bot.Tests.csproj", "{3D56B010-FDBE-443F-8CFB-631A4FC39476}"
EndProject
Global
	GlobalSection(SolutionConfigurationPlatforms) = preSolution
		Debug|Any CPU = Debug|Any CPU
		Debug|x64 = Debug|x64
		Debug|x86 = Debug|x86
		Release|Any CPU = Release|Any CPU
		Release|x64 = Release|x64
		Release|x86 = Release|x86
	EndGlobalSection
	GlobalSection(ProjectConfigurationPlatforms) = postSolution
		{2FF92C09-FB60-458B-9233-0E7897AB6622}.Debug|Any CPU.ActiveCfg = Debug|Any CPU
		{2FF92C09-FB60-458B-9233-0E7897AB6622}.Debug|Any CPU.Build.0 = Debug|Any CPU
		{2FF92C09-FB60-458B-9233-0E7897AB6622}.Debug|x64.ActiveCfg = Debug|Any CPU
		{2FF92C09-FB60-458B-9233-0E7897AB6622}.Debug|x64.Build.0 = Debug|Any CPU
		{2FF92C09-FB60-458B-9233-0E7897AB6622}.Debug|x86.ActiveCfg = Debug|Any CPU
		{2FF92C09-FB60-458B-9233-0E7897AB6622}.Debug|x86.Build.0 = Debug|Any CPU
		{2FF92C09-FB60-458B-9233-0E7897AB6622}.Release|Any CPU.ActiveCfg = Release|Any CPU
		{2FF92C09-FB60-458B-9233-0E7897AB6622}.Release|Any CPU.Build.0 = Release|Any CPU
		{2FF92C09-FB60-458B-9233-0E7897AB6622}.Release|x64.ActiveCfg = Release|Any CPU
		{2FF92C09-FB60-458B-9233-0E7897AB6622}.Release|x64.Build.0 = Release|Any CPU
		{2FF92C09-FB60-458B-9233-0E7897AB6622}.Release|x86.ActiveCfg = Release|Any CPU
		{2FF92C09-FB60-458B-9233-0E7897AB6622}.Release|x86.Build.0 = Release|Any CPU
		{3D56B010-FDBE-443F-8CFB-631A4FC39476}.Debug|Any CPU.ActiveCfg = Debug|Any CPU
		{3D56B010-FDBE-443F-8CFB-631A4FC39476}.Debug|Any CPU.Build.0 = Debug|Any CPU
		{3D56B010-FDBE-443F-8CFB-631A4FC39476}.Debug|x64.ActiveCfg = Debug|Any CPU
		{3D56B010-FDBE-443F-8CFB-631A4FC39476}.Debug|x64.Build.0 = Debug|Any CPU
		{3D56B010-FDBE-443F-8CFB-631A4FC39476}.Debug|x86.ActiveCfg = Debug|Any CPU
		{3D56B010-FDBE-443F-8CFB-631A4FC39476}.Debug|x86.Build.0 = Debug|Any CPU
		{3D56B010-FDBE-443F-8CFB-631A4FC39476}.Release|Any CPU.ActiveCfg = Release|Any CPU
		{3D56B010-FDBE-443F-8CFB-631A4FC39476}.Release|Any CPU.Build.0 = Release|Any CPU
		{3D56B010-FDBE-443F-8CFB-631A4FC39476}.Release|x64.ActiveCfg = Release|Any CPU
		{3D56B010-FDBE-443F-8CFB-631A4FC39476}.Release|x64.Build.0 = Release|Any CPU
		{3D56B010-FDBE-443F-8CFB-631A4FC39476}.Release|x86.ActiveCfg = Release|Any CPU
		{3D56B010-FDBE-443F-8CFB-631A4FC39476}.Release|x86.Build.0 = Release|Any CPU
	EndGlobalSection
	GlobalSection(SolutionProperties) = preSolution
		HideSolutionNode = FALSE
	EndGlobalSection
EndGlobal
